// !$*UTF8*$!
{
	archiveVersion = 1;
	classes = {
	};
	objectVersion = 46;
	objects = {

/* Begin PBXBuildFile section */
		C1CE6FCA18583CCA000EA628 /* Foundation.framework in Frameworks */ = {isa = PBXBuildFile; fileRef = C1CE6FC918583CCA000EA628 /* Foundation.framework */; };
		C1CE6FCC18583CCA000EA628 /* CoreGraphics.framework in Frameworks */ = {isa = PBXBuildFile; fileRef = C1CE6FCB18583CCA000EA628 /* CoreGraphics.framework */; };
		C1CE6FCE18583CCA000EA628 /* UIKit.framework in Frameworks */ = {isa = PBXBuildFile; fileRef = C1CE6FCD18583CCA000EA628 /* UIKit.framework */; };
		C1CE6FD418583CCA000EA628 /* InfoPlist.strings in Resources */ = {isa = PBXBuildFile; fileRef = C1CE6FD218583CCA000EA628 /* InfoPlist.strings */; };
		C1CE6FD618583CCA000EA628 /* main.m in Sources */ = {isa = PBXBuildFile; fileRef = C1CE6FD518583CCA000EA628 /* main.m */; };
		C1CE6FDA18583CCA000EA628 /* AppDelegate.m in Sources */ = {isa = PBXBuildFile; fileRef = C1CE6FD918583CCA000EA628 /* AppDelegate.m */; };
		C1CE6FDD18583CCA000EA628 /* Main_iPhone.storyboard in Resources */ = {isa = PBXBuildFile; fileRef = C1CE6FDB18583CCA000EA628 /* Main_iPhone.storyboard */; };
		C1CE6FE018583CCA000EA628 /* Main_iPad.storyboard in Resources */ = {isa = PBXBuildFile; fileRef = C1CE6FDE18583CCA000EA628 /* Main_iPad.storyboard */; };
		C1CE6FE318583CCA000EA628 /* ViewController.m in Sources */ = {isa = PBXBuildFile; fileRef = C1CE6FE218583CCA000EA628 /* ViewController.m */; };
		C1CE6FE518583CCA000EA628 /* Images.xcassets in Resources */ = {isa = PBXBuildFile; fileRef = C1CE6FE418583CCA000EA628 /* Images.xcassets */; };
		C1CE6FEC18583CCA000EA628 /* XCTest.framework in Frameworks */ = {isa = PBXBuildFile; fileRef = C1CE6FEB18583CCA000EA628 /* XCTest.framework */; };
		C1CE6FED18583CCA000EA628 /* Foundation.framework in Frameworks */ = {isa = PBXBuildFile; fileRef = C1CE6FC918583CCA000EA628 /* Foundation.framework */; };
		C1CE6FEE18583CCA000EA628 /* UIKit.framework in Frameworks */ = {isa = PBXBuildFile; fileRef = C1CE6FCD18583CCA000EA628 /* UIKit.framework */; };
		C1CE6FF618583CCA000EA628 /* InfoPlist.strings in Resources */ = {isa = PBXBuildFile; fileRef = C1CE6FF418583CCA000EA628 /* InfoPlist.strings */; };
		C1CE6FF818583CCA000EA628 /* Example3Tests.m in Sources */ = {isa = PBXBuildFile; fileRef = C1CE6FF718583CCA000EA628 /* Example3Tests.m */; };
/* End PBXBuildFile section */

/* Begin PBXContainerItemProxy section */
		C1CE6FEF18583CCA000EA628 /* PBXContainerItemProxy */ = {
			isa = PBXContainerItemProxy;
			containerPortal = C1CE6FBE18583CCA000EA628 /* Project object */;
			proxyType = 1;
			remoteGlobalIDString = C1CE6FC518583CCA000EA628;
			remoteInfo = Example3;
		};
/* End PBXContainerItemProxy section */

/* Begin PBXFileReference section */
		C1CE6FC618583CCA000EA628 /* Example3.app */ = {isa = PBXFileReference; explicitFileType = wrapper.application; includeInIndex = 0; path = Example3.app; sourceTree = BUILT_PRODUCTS_DIR; };
		C1CE6FC918583CCA000EA628 /* Foundation.framework */ = {isa = PBXFileReference; lastKnownFileType = wrapper.framework; name = Foundation.framework; path = System/Library/Frameworks/Foundation.framework; sourceTree = SDKROOT; };
		C1CE6FCB18583CCA000EA628 /* CoreGraphics.framework */ = {isa = PBXFileReference; lastKnownFileType = wrapper.framework; name = CoreGraphics.framework; path = System/Library/Frameworks/CoreGraphics.framework; sourceTree = SDKROOT; };
		C1CE6FCD18583CCA000EA628 /* UIKit.framework */ = {isa = PBXFileReference; lastKnownFileType = wrapper.framework; name = UIKit.framework; path = System/Library/Frameworks/UIKit.framework; sourceTree = SDKROOT; };
		C1CE6FD118583CCA000EA628 /* Example3-Info.plist */ = {isa = PBXFileReference; lastKnownFileType = text.plist.xml; path = "Example3-Info.plist"; sourceTree = "<group>"; };
		C1CE6FD318583CCA000EA628 /* en */ = {isa = PBXFileReference; lastKnownFileType = text.plist.strings; name = en; path = en.lproj/InfoPlist.strings; sourceTree = "<group>"; };
		C1CE6FD518583CCA000EA628 /* main.m */ = {isa = PBXFileReference; lastKnownFileType = sourcecode.c.objc; path = main.m; sourceTree = "<group>"; };
		C1CE6FD718583CCA000EA628 /* Example3-Prefix.pch */ = {isa = PBXFileReference; lastKnownFileType = sourcecode.c.h; path = "Example3-Prefix.pch"; sourceTree = "<group>"; };
		C1CE6FD818583CCA000EA628 /* AppDelegate.h */ = {isa = PBXFileReference; lastKnownFileType = sourcecode.c.h; path = AppDelegate.h; sourceTree = "<group>"; };
		C1CE6FD918583CCA000EA628 /* AppDelegate.m */ = {isa = PBXFileReference; lastKnownFileType = sourcecode.c.objc; path = AppDelegate.m; sourceTree = "<group>"; };
		C1CE6FDC18583CCA000EA628 /* Base */ = {isa = PBXFileReference; lastKnownFileType = file.storyboard; name = Base; path = Base.lproj/Main_iPhone.storyboard; sourceTree = "<group>"; };
		C1CE6FDF18583CCA000EA628 /* Base */ = {isa = PBXFileReference; lastKnownFileType = file.storyboard; name = Base; path = Base.lproj/Main_iPad.storyboard; sourceTree = "<group>"; };
		C1CE6FE118583CCA000EA628 /* ViewController.h */ = {isa = PBXFileReference; lastKnownFileType = sourcecode.c.h; path = ViewController.h; sourceTree = "<group>"; };
		C1CE6FE218583CCA000EA628 /* ViewController.m */ = {isa = PBXFileReference; lastKnownFileType = sourcecode.c.objc; path = ViewController.m; sourceTree = "<group>"; };
		C1CE6FE418583CCA000EA628 /* Images.xcassets */ = {isa = PBXFileReference; lastKnownFileType = folder.assetcatalog; path = Images.xcassets; sourceTree = "<group>"; };
		C1CE6FEA18583CCA000EA628 /* Example3Tests.xctest */ = {isa = PBXFileReference; explicitFileType = wrapper.cfbundle; includeInIndex = 0; path = Example3Tests.xctest; sourceTree = BUILT_PRODUCTS_DIR; };
		C1CE6FEB18583CCA000EA628 /* XCTest.framework */ = {isa = PBXFileReference; lastKnownFileType = wrapper.framework; name = XCTest.framework; path = Library/Frameworks/XCTest.framework; sourceTree = DEVELOPER_DIR; };
		C1CE6FF318583CCA000EA628 /* Example3Tests-Info.plist */ = {isa = PBXFileReference; lastKnownFileType = text.plist.xml; path = "Example3Tests-Info.plist"; sourceTree = "<group>"; };
		C1CE6FF518583CCA000EA628 /* en */ = {isa = PBXFileReference; lastKnownFileType = text.plist.strings; name = en; path = en.lproj/InfoPlist.strings; sourceTree = "<group>"; };
		C1CE6FF718583CCA000EA628 /* Example3Tests.m */ = {isa = PBXFileReference; lastKnownFileType = sourcecode.c.objc; path = Example3Tests.m; sourceTree = "<group>"; };
/* End PBXFileReference section */

/* Begin PBXFrameworksBuildPhase section */
		C1CE6FC318583CCA000EA628 /* Frameworks */ = {
			isa = PBXFrameworksBuildPhase;
			buildActionMask = 2147483647;
			files = (
				C1CE6FCC18583CCA000EA628 /* CoreGraphics.framework in Frameworks */,
				C1CE6FCE18583CCA000EA628 /* UIKit.framework in Frameworks */,
				C1CE6FCA18583CCA000EA628 /* Foundation.framework in Frameworks */,
			);
			runOnlyForDeploymentPostprocessing = 0;
		};
		C1CE6FE718583CCA000EA628 /* Frameworks */ = {
			isa = PBXFrameworksBuildPhase;
			buildActionMask = 2147483647;
			files = (
				C1CE6FEC18583CCA000EA628 /* XCTest.framework in Frameworks */,
				C1CE6FEE18583CCA000EA628 /* UIKit.framework in Frameworks */,
				C1CE6FED18583CCA000EA628 /* Foundation.framework in Frameworks */,
			);
			runOnlyForDeploymentPostprocessing = 0;
		};
/* End PBXFrameworksBuildPhase section */

/* Begin PBXGroup section */
		C1CE6FBD18583CCA000EA628 = {
			isa = PBXGroup;
			children = (
				C1CE6FCF18583CCA000EA628 /* Example3 */,
				C1CE6FF118583CCA000EA628 /* Example3Tests */,
				C1CE6FC818583CCA000EA628 /* Frameworks */,
				C1CE6FC718583CCA000EA628 /* Products */,
			);
			sourceTree = "<group>";
		};
		C1CE6FC718583CCA000EA628 /* Products */ = {
			isa = PBXGroup;
			children = (
				C1CE6FC618583CCA000EA628 /* Example3.app */,
				C1CE6FEA18583CCA000EA628 /* Example3Tests.xctest */,
			);
			name = Products;
			sourceTree = "<group>";
		};
		C1CE6FC818583CCA000EA628 /* Frameworks */ = {
			isa = PBXGroup;
			children = (
				C1CE6FC918583CCA000EA628 /* Foundation.framework */,
				C1CE6FCB18583CCA000EA628 /* CoreGraphics.framework */,
				C1CE6FCD18583CCA000EA628 /* UIKit.framework */,
				C1CE6FEB18583CCA000EA628 /* XCTest.framework */,
			);
			name = Frameworks;
			sourceTree = "<group>";
		};
		C1CE6FCF18583CCA000EA628 /* Example3 */ = {
			isa = PBXGroup;
			children = (
				C1CE6FD818583CCA000EA628 /* AppDelegate.h */,
				C1CE6FD918583CCA000EA628 /* AppDelegate.m */,
				C1CE6FDB18583CCA000EA628 /* Main_iPhone.storyboard */,
				C1CE6FDE18583CCA000EA628 /* Main_iPad.storyboard */,
				C1CE6FE118583CCA000EA628 /* ViewController.h */,
				C1CE6FE218583CCA000EA628 /* ViewController.m */,
				C1CE6FE418583CCA000EA628 /* Images.xcassets */,
				C1CE6FD018583CCA000EA628 /* Supporting Files */,
			);
			path = Example3;
			sourceTree = "<group>";
		};
		C1CE6FD018583CCA000EA628 /* Supporting Files */ = {
			isa = PBXGroup;
			children = (
				C1CE6FD118583CCA000EA628 /* Example3-Info.plist */,
				C1CE6FD218583CCA000EA628 /* InfoPlist.strings */,
				C1CE6FD518583CCA000EA628 /* main.m */,
				C1CE6FD718583CCA000EA628 /* Example3-Prefix.pch */,
			);
			name = "Supporting Files";
			sourceTree = "<group>";
		};
		C1CE6FF118583CCA000EA628 /* Example3Tests */ = {
			isa = PBXGroup;
			children = (
				C1CE6FF718583CCA000EA628 /* Example3Tests.m */,
				C1CE6FF218583CCA000EA628 /* Supporting Files */,
			);
			path = Example3Tests;
			sourceTree = "<group>";
		};
		C1CE6FF218583CCA000EA628 /* Supporting Files */ = {
			isa = PBXGroup;
			children = (
				C1CE6FF318583CCA000EA628 /* Example3Tests-Info.plist */,
				C1CE6FF418583CCA000EA628 /* InfoPlist.strings */,
			);
			name = "Supporting Files";
			sourceTree = "<group>";
		};
/* End PBXGroup section */

/* Begin PBXNativeTarget section */
		C1CE6FC518583CCA000EA628 /* Example3 */ = {
			isa = PBXNativeTarget;
			buildConfigurationList = C1CE6FFB18583CCA000EA628 /* Build configuration list for PBXNativeTarget "Example3" */;
			buildPhases = (
				C1CE6FC218583CCA000EA628 /* Sources */,
				C1CE6FC318583CCA000EA628 /* Frameworks */,
				C1CE6FC418583CCA000EA628 /* Resources */,
			);
			buildRules = (
			);
			dependencies = (
			);
			name = Example3;
			productName = Example3;
			productReference = C1CE6FC618583CCA000EA628 /* Example3.app */;
			productType = "com.apple.product-type.application";
		};
		C1CE6FE918583CCA000EA628 /* Example3Tests */ = {
			isa = PBXNativeTarget;
			buildConfigurationList = C1CE6FFE18583CCA000EA628 /* Build configuration list for PBXNativeTarget "Example3Tests" */;
			buildPhases = (
				C1CE6FE618583CCA000EA628 /* Sources */,
				C1CE6FE718583CCA000EA628 /* Frameworks */,
				C1CE6FE818583CCA000EA628 /* Resources */,
			);
			buildRules = (
			);
			dependencies = (
				C1CE6FF018583CCA000EA628 /* PBXTargetDependency */,
			);
			name = Example3Tests;
			productName = Example3Tests;
			productReference = C1CE6FEA18583CCA000EA628 /* Example3Tests.xctest */;
			productType = "com.apple.product-type.bundle.unit-test";
		};
/* End PBXNativeTarget section */

/* Begin PBXProject section */
		C1CE6FBE18583CCA000EA628 /* Project object */ = {
			isa = PBXProject;
			attributes = {
				LastUpgradeCheck = 0500;
				ORGANIZATIONNAME = CrowDroidOrganization;
				TargetAttributes = {
					C1CE6FE918583CCA000EA628 = {
						TestTargetID = C1CE6FC518583CCA000EA628;
					};
				};
			};
			buildConfigurationList = C1CE6FC118583CCA000EA628 /* Build configuration list for PBXProject "Example3" */;
			compatibilityVersion = "Xcode 3.2";
			developmentRegion = English;
			hasScannedForEncodings = 0;
			knownRegions = (
				en,
				Base,
			);
			mainGroup = C1CE6FBD18583CCA000EA628;
			productRefGroup = C1CE6FC718583CCA000EA628 /* Products */;
			projectDirPath = "";
			projectRoot = "";
			targets = (
				C1CE6FC518583CCA000EA628 /* Example3 */,
				C1CE6FE918583CCA000EA628 /* Example3Tests */,
			);
		};
/* End PBXProject section */

/* Begin PBXResourcesBuildPhase section */
		C1CE6FC418583CCA000EA628 /* Resources */ = {
			isa = PBXResourcesBuildPhase;
			buildActionMask = 2147483647;
			files = (
				C1CE6FE018583CCA000EA628 /* Main_iPad.storyboard in Resources */,
				C1CE6FE518583CCA000EA628 /* Images.xcassets in Resources */,
				C1CE6FDD18583CCA000EA628 /* Main_iPhone.storyboard in Resources */,
				C1CE6FD418583CCA000EA628 /* InfoPlist.strings in Resources */,
			);
			runOnlyForDeploymentPostprocessing = 0;
		};
		C1CE6FE818583CCA000EA628 /* Resources */ = {
			isa = PBXResourcesBuildPhase;
			buildActionMask = 2147483647;
			files = (
				C1CE6FF618583CCA000EA628 /* InfoPlist.strings in Resources */,
			);
			runOnlyForDeploymentPostprocessing = 0;
		};
/* End PBXResourcesBuildPhase section */

/* Begin PBXSourcesBuildPhase section */
		C1CE6FC218583CCA000EA628 /* Sources */ = {
			isa = PBXSourcesBuildPhase;
			buildActionMask = 2147483647;
			files = (
				C1CE6FE318583CCA000EA628 /* ViewController.m in Sources */,
				C1CE6FDA18583CCA000EA628 /* AppDelegate.m in Sources */,
				C1CE6FD618583CCA000EA628 /* main.m in Sources */,
			);
			runOnlyForDeploymentPostprocessing = 0;
		};
		C1CE6FE618583CCA000EA628 /* Sources */ = {
			isa = PBXSourcesBuildPhase;
			buildActionMask = 2147483647;
			files = (
				C1CE6FF818583CCA000EA628 /* Example3Tests.m in Sources */,
			);
			runOnlyForDeploymentPostprocessing = 0;
		};
/* End PBXSourcesBuildPhase section */

/* Begin PBXTargetDependency section */
		C1CE6FF018583CCA000EA628 /* PBXTargetDependency */ = {
			isa = PBXTargetDependency;
			target = C1CE6FC518583CCA000EA628 /* Example3 */;
			targetProxy = C1CE6FEF18583CCA000EA628 /* PBXContainerItemProxy */;
		};
/* End PBXTargetDependency section */

/* Begin PBXVariantGroup section */
		C1CE6FD218583CCA000EA628 /* InfoPlist.strings */ = {
			isa = PBXVariantGroup;
			children = (
				C1CE6FD318583CCA000EA628 /* en */,
			);
			name = InfoPlist.strings;
			sourceTree = "<group>";
		};
		C1CE6FDB18583CCA000EA628 /* Main_iPhone.storyboard */ = {
			isa = PBXVariantGroup;
			children = (
				C1CE6FDC18583CCA000EA628 /* Base */,
			);
			name = Main_iPhone.storyboard;
			sourceTree = "<group>";
		};
		C1CE6FDE18583CCA000EA628 /* Main_iPad.storyboard */ = {
			isa = PBXVariantGroup;
			children = (
				C1CE6FDF18583CCA000EA628 /* Base */,
			);
			name = Main_iPad.storyboard;
			sourceTree = "<group>";
		};
		C1CE6FF418583CCA000EA628 /* InfoPlist.strings */ = {
			isa = PBXVariantGroup;
			children = (
				C1CE6FF518583CCA000EA628 /* en */,
			);
			name = InfoPlist.strings;
			sourceTree = "<group>";
		};
/* End PBXVariantGroup section */

/* Begin XCBuildConfiguration section */
		C1CE6FF918583CCA000EA628 /* Debug */ = {
			isa = XCBuildConfiguration;
			buildSettings = {
				ALWAYS_SEARCH_USER_PATHS = NO;
				ARCHS = "$(ARCHS_STANDARD_INCLUDING_64_BIT)";
				CLANG_CXX_LANGUAGE_STANDARD = "gnu++0x";
				CLANG_CXX_LIBRARY = "libc++";
				CLANG_ENABLE_MODULES = YES;
				CLANG_ENABLE_OBJC_ARC = YES;
				CLANG_WARN_BOOL_CONVERSION = YES;
				CLANG_WARN_CONSTANT_CONVERSION = YES;
				CLANG_WARN_DIRECT_OBJC_ISA_USAGE = YES_ERROR;
				CLANG_WARN_EMPTY_BODY = YES;
				CLANG_WARN_ENUM_CONVERSION = YES;
				CLANG_WARN_INT_CONVERSION = YES;
				CLANG_WARN_OBJC_ROOT_CLASS = YES_ERROR;
				CLANG_WARN__DUPLICATE_METHOD_MATCH = YES;
				"CODE_SIGN_IDENTITY[sdk=iphoneos*]" = "iPhone Developer";
				COPY_PHASE_STRIP = NO;
				GCC_C_LANGUAGE_STANDARD = gnu99;
				GCC_DYNAMIC_NO_PIC = NO;
				GCC_OPTIMIZATION_LEVEL = 0;
				GCC_PREPROCESSOR_DEFINITIONS = (
					"DEBUG=1",
					"$(inherited)",
				);
				GCC_SYMBOLS_PRIVATE_EXTERN = NO;
				GCC_WARN_64_TO_32_BIT_CONVERSION = YES;
				GCC_WARN_ABOUT_RETURN_TYPE = YES_ERROR;
				GCC_WARN_UNDECLARED_SELECTOR = YES;
				GCC_WARN_UNINITIALIZED_AUTOS = YES;
				GCC_WARN_UNUSED_FUNCTION = YES;
				GCC_WARN_UNUSED_VARIABLE = YES;
				IPHONEOS_DEPLOYMENT_TARGET = 7.0;
				ONLY_ACTIVE_ARCH = YES;
				SDKROOT = iphoneos;
				TARGETED_DEVICE_FAMILY = "1,2";
			};
			name = Debug;
		};
		C1CE6FFA18583CCA000EA628 /* Release */ = {
			isa = XCBuildConfiguration;
			buildSettings = {
				ALWAYS_SEARCH_USER_PATHS = NO;
				ARCHS = "$(ARCHS_STANDARD_INCLUDING_64_BIT)";
				CLANG_CXX_LANGUAGE_STANDARD = "gnu++0x";
				CLANG_CXX_LIBRARY = "libc++";
				CLANG_ENABLE_MODULES = YES;
				CLANG_ENABLE_OBJC_ARC = YES;
				CLANG_WARN_BOOL_CONVERSION = YES;
				CLANG_WARN_CONSTANT_CONVERSION = YES;
				CLANG_WARN_DIRECT_OBJC_ISA_USAGE = YES_ERROR;
				CLANG_WARN_EMPTY_BODY = YES;
				CLANG_WARN_ENUM_CONVERSION = YES;
				CLANG_WARN_INT_CONVERSION = YES;
				CLANG_WARN_OBJC_ROOT_CLASS = YES_ERROR;
				CLANG_WARN__DUPLICATE_METHOD_MATCH = YES;
				"CODE_SIGN_IDENTITY[sdk=iphoneos*]" = "iPhone Developer";
				COPY_PHASE_STRIP = YES;
				ENABLE_NS_ASSERTIONS = NO;
				GCC_C_LANGUAGE_STANDARD = gnu99;
				GCC_WARN_64_TO_32_BIT_CONVERSION = YES;
				GCC_WARN_ABOUT_RETURN_TYPE = YES_ERROR;
				GCC_WARN_UNDECLARED_SELECTOR = YES;
				GCC_WARN_UNINITIALIZED_AUTOS = YES;
				GCC_WARN_UNUSED_FUNCTION = YES;
				GCC_WARN_UNUSED_VARIABLE = YES;
				IPHONEOS_DEPLOYMENT_TARGET = 7.0;
				SDKROOT = iphoneos;
				TARGETED_DEVICE_FAMILY = "1,2";
				VALIDATE_PRODUCT = YES;
			};
			name = Release;
		};
		C1CE6FFC18583CCA000EA628 /* Debug */ = {
			isa = XCBuildConfiguration;
			buildSettings = {
				ASSETCATALOG_COMPILER_APPICON_NAME = AppIcon;
				ASSETCATALOG_COMPILER_LAUNCHIMAGE_NAME = LaunchImage;
				GCC_PRECOMPILE_PREFIX_HEADER = YES;
				GCC_PREFIX_HEADER = "Example3/Example3-Prefix.pch";
				INFOPLIST_FILE = "Example3/Example3-Info.plist";
				PRODUCT_NAME = "$(TARGET_NAME)";
				WRAPPER_EXTENSION = app;
			};
			name = Debug;
		};
		C1CE6FFD18583CCA000EA628 /* Release */ = {
			isa = XCBuildConfiguration;
			buildSettings = {
				ASSETCATALOG_COMPILER_APPICON_NAME = AppIcon;
				ASSETCATALOG_COMPILER_LAUNCHIMAGE_NAME = LaunchImage;
				GCC_PRECOMPILE_PREFIX_HEADER = YES;
				GCC_PREFIX_HEADER = "Example3/Example3-Prefix.pch";
				INFOPLIST_FILE = "Example3/Example3-Info.plist";
				PRODUCT_NAME = "$(TARGET_NAME)";
				WRAPPER_EXTENSION = app;
			};
			name = Release;
		};
		C1CE6FFF18583CCA000EA628 /* Debug */ = {
			isa = XCBuildConfiguration;
			buildSettings = {
				ARCHS = "$(ARCHS_STANDARD_INCLUDING_64_BIT)";
				BUNDLE_LOADER = "$(BUILT_PRODUCTS_DIR)/Example3.app/Example3";
				FRAMEWORK_SEARCH_PATHS = (
					"$(SDKROOT)/Developer/Library/Frameworks",
					"$(inherited)",
					"$(DEVELOPER_FRAMEWORKS_DIR)",
				);
				GCC_PRECOMPILE_PREFIX_HEADER = YES;
				GCC_PREFIX_HEADER = "Example3/Example3-Prefix.pch";
				GCC_PREPROCESSOR_DEFINITIONS = (
					"DEBUG=1",
					"$(inherited)",
				);
				INFOPLIST_FILE = "Example3Tests/Example3Tests-Info.plist";
				PRODUCT_NAME = "$(TARGET_NAME)";
				TEST_HOST = "$(BUNDLE_LOADER)";
				WRAPPER_EXTENSION = xctest;
			};
			name = Debug;
		};
		C1CE700018583CCA000EA628 /* Release */ = {
			isa = XCBuildConfiguration;
			buildSettings = {
				ARCHS = "$(ARCHS_STANDARD_INCLUDING_64_BIT)";
				BUNDLE_LOADER = "$(BUILT_PRODUCTS_DIR)/Example3.app/Example3";
				FRAMEWORK_SEARCH_PATHS = (
					"$(SDKROOT)/Developer/Library/Frameworks",
					"$(inherited)",
					"$(DEVELOPER_FRAMEWORKS_DIR)",
				);
				GCC_PRECOMPILE_PREFIX_HEADER = YES;
				GCC_PREFIX_HEADER = "Example3/Example3-Prefix.pch";
				INFOPLIST_FILE = "Example3Tests/Example3Tests-Info.plist";
				PRODUCT_NAME = "$(TARGET_NAME)";
				TEST_HOST = "$(BUNDLE_LOADER)";
				WRAPPER_EXTENSION = xctest;
			};
			name = Release;
		};
/* End XCBuildConfiguration section */

/* Begin XCConfigurationList section */
		C1CE6FC118583CCA000EA628 /* Build configuration list for PBXProject "Example3" */ = {
			isa = XCConfigurationList;
			buildConfigurations = (
				C1CE6FF918583CCA000EA628 /* Debug */,
				C1CE6FFA18583CCA000EA628 /* Release */,
			);
			defaultConfigurationIsVisible = 0;
			defaultConfigurationName = Release;
		};
		C1CE6FFB18583CCA000EA628 /* Build configuration list for PBXNativeTarget "Example3" */ = {
			isa = XCConfigurationList;
			buildConfigurations = (
				C1CE6FFC18583CCA000EA628 /* Debug */,
				C1CE6FFD18583CCA000EA628 /* Release */,
			);
			defaultConfigurationIsVisible = 0;
		};
		C1CE6FFE18583CCA000EA628 /* Build configuration list for PBXNativeTarget "Example3Tests" */ = {
			isa = XCConfigurationList;
			buildConfigurations = (
				C1CE6FFF18583CCA000EA628 /* Debug */,
				C1CE700018583CCA000EA628 /* Release */,
			);
			defaultConfigurationIsVisible = 0;
		};
/* End XCConfigurationList section */
	};
	rootObject = C1CE6FBE18583CCA000EA628 /* Project object */;
}
